// !$*UTF8*$!
{
	archiveVersion = 1;
	classes = {
	};
	objectVersion = 50;
	objects = {

/* Begin PBXBuildFile section */
		83062CC820FBF1D6009C7BAA /* ACellVC.swift in Sources */ = {isa = PBXBuildFile; fileRef = 83062CC720FBF1D6009C7BAA /* ACellVC.swift */; };
		83062CCA20FBF553009C7BAA /* AddVC.swift in Sources */ = {isa = PBXBuildFile; fileRef = 83062CC920FBF553009C7BAA /* AddVC.swift */; };
		83062CCC20FBF57B009C7BAA /* EditVC.swift in Sources */ = {isa = PBXBuildFile; fileRef = 83062CCB20FBF57B009C7BAA /* EditVC.swift */; };
		83062CCE20FC18C2009C7BAA /* ShowVC.swift in Sources */ = {isa = PBXBuildFile; fileRef = 83062CCD20FC18C2009C7BAA /* ShowVC.swift */; };
		83576E7520FBEE07006B4451 /* AppDelegate.swift in Sources */ = {isa = PBXBuildFile; fileRef = 83576E7420FBEE07006B4451 /* AppDelegate.swift */; };
		83576E7720FBEE07006B4451 /* ViewController.swift in Sources */ = {isa = PBXBuildFile; fileRef = 83576E7620FBEE07006B4451 /* ViewController.swift */; };
		83576E7A20FBEE07006B4451 /* Main.storyboard in Resources */ = {isa = PBXBuildFile; fileRef = 83576E7820FBEE07006B4451 /* Main.storyboard */; };
		83576E7D20FBEE07006B4451 /* bucketList4.xcdatamodeld in Sources */ = {isa = PBXBuildFile; fileRef = 83576E7B20FBEE07006B4451 /* bucketList4.xcdatamodeld */; };
		83576E7F20FBEE0A006B4451 /* Assets.xcassets in Resources */ = {isa = PBXBuildFile; fileRef = 83576E7E20FBEE0A006B4451 /* Assets.xcassets */; };
		83576E8220FBEE0A006B4451 /* LaunchScreen.storyboard in Resources */ = {isa = PBXBuildFile; fileRef = 83576E8020FBEE0A006B4451 /* LaunchScreen.storyboard */; };
/* End PBXBuildFile section */

/* Begin PBXFileReference section */
		83062CC720FBF1D6009C7BAA /* ACellVC.swift */ = {isa = PBXFileReference; lastKnownFileType = sourcecode.swift; path = ACellVC.swift; sourceTree = "<group>"; };
		83062CC920FBF553009C7BAA /* AddVC.swift */ = {isa = PBXFileReference; lastKnownFileType = sourcecode.swift; path = AddVC.swift; sourceTree = "<group>"; };
		83062CCB20FBF57B009C7BAA /* EditVC.swift */ = {isa = PBXFileReference; lastKnownFileType = sourcecode.swift; path = EditVC.swift; sourceTree = "<group>"; };
		83062CCD20FC18C2009C7BAA /* ShowVC.swift */ = {isa = PBXFileReference; lastKnownFileType = sourcecode.swift; path = ShowVC.swift; sourceTree = "<group>"; };
		83576E7120FBEE07006B4451 /* bucketList4.app */ = {isa = PBXFileReference; explicitFileType = wrapper.application; includeInIndex = 0; path = bucketList4.app; sourceTree = BUILT_PRODUCTS_DIR; };
		83576E7420FBEE07006B4451 /* AppDelegate.swift */ = {isa = PBXFileReference; lastKnownFileType = sourcecode.swift; path = AppDelegate.swift; sourceTree = "<group>"; };
		83576E7620FBEE07006B4451 /* ViewController.swift */ = {isa = PBXFileReference; lastKnownFileType = sourcecode.swift; path = ViewController.swift; sourceTree = "<group>"; };
		83576E7920FBEE07006B4451 /* Base */ = {isa = PBXFileReference; lastKnownFileType = file.storyboard; name = Base; path = Base.lproj/Main.storyboard; sourceTree = "<group>"; };
		83576E7C20FBEE07006B4451 /* bucketList4.xcdatamodel */ = {isa = PBXFileReference; lastKnownFileType = wrapper.xcdatamodel; path = bucketList4.xcdatamodel; sourceTree = "<group>"; };
		83576E7E20FBEE0A006B4451 /* Assets.xcassets */ = {isa = PBXFileReference; lastKnownFileType = folder.assetcatalog; path = Assets.xcassets; sourceTree = "<group>"; };
		83576E8120FBEE0A006B4451 /* Base */ = {isa = PBXFileReference; lastKnownFileType = file.storyboard; name = Base; path = Base.lproj/LaunchScreen.storyboard; sourceTree = "<group>"; };
		83576E8320FBEE0A006B4451 /* Info.plist */ = {isa = PBXFileReference; lastKnownFileType = text.plist.xml; path = Info.plist; sourceTree = "<group>"; };
/* End PBXFileReference section */

/* Begin PBXFrameworksBuildPhase section */
		83576E6E20FBEE07006B4451 /* Frameworks */ = {
			isa = PBXFrameworksBuildPhase;
			buildActionMask = 2147483647;
			files = (
			);
			runOnlyForDeploymentPostprocessing = 0;
		};
/* End PBXFrameworksBuildPhase section */

/* Begin PBXGroup section */
		83576E6820FBEE07006B4451 = {
			isa = PBXGroup;
			children = (
				83576E7320FBEE07006B4451 /* bucketList4 */,
				83576E7220FBEE07006B4451 /* Products */,
			);
			sourceTree = "<group>";
		};
		83576E7220FBEE07006B4451 /* Products */ = {
			isa = PBXGroup;
			children = (
				83576E7120FBEE07006B4451 /* bucketList4.app */,
			);
			name = Products;
			sourceTree = "<group>";
		};
		83576E7320FBEE07006B4451 /* bucketList4 */ = {
			isa = PBXGroup;
			children = (
				83576E7420FBEE07006B4451 /* AppDelegate.swift */,
				83576E7620FBEE07006B4451 /* ViewController.swift */,
				83576E7820FBEE07006B4451 /* Main.storyboard */,
				83062CCD20FC18C2009C7BAA /* ShowVC.swift */,
				83062CCB20FBF57B009C7BAA /* EditVC.swift */,
				83062CC920FBF553009C7BAA /* AddVC.swift */,
				83062CC720FBF1D6009C7BAA /* ACellVC.swift */,
				83576E7E20FBEE0A006B4451 /* Assets.xcassets */,
				83576E8020FBEE0A006B4451 /* LaunchScreen.storyboard */,
				83576E8320FBEE0A006B4451 /* Info.plist */,
				83576E7B20FBEE07006B4451 /* bucketList4.xcdatamodeld */,
			);
			path = bucketList4;
			sourceTree = "<group>";
		};
/* End PBXGroup section */

/* Begin PBXNativeTarget section */
		83576E7020FBEE07006B4451 /* bucketList4 */ = {
			isa = PBXNativeTarget;
			buildConfigurationList = 83576E8620FBEE0A006B4451 /* Build configuration list for PBXNativeTarget "bucketList4" */;
			buildPhases = (
				83576E6D20FBEE07006B4451 /* Sources */,
				83576E6E20FBEE07006B4451 /* Frameworks */,
				83576E6F20FBEE07006B4451 /* Resources */,
			);
			buildRules = (
			);
			dependencies = (
			);
			name = bucketList4;
			productName = bucketList4;
			productReference = 83576E7120FBEE07006B4451 /* bucketList4.app */;
			productType = "com.apple.product-type.application";
		};
/* End PBXNativeTarget section */

/* Begin PBXProject section */
		83576E6920FBEE07006B4451 /* Project object */ = {
			isa = PBXProject;
			attributes = {
				LastSwiftUpdateCheck = 0940;
				LastUpgradeCheck = 0940;
				ORGANIZATIONNAME = "Christopher Chung";
				TargetAttributes = {
					83576E7020FBEE07006B4451 = {
						CreatedOnToolsVersion = 9.4.1;
					};
				};
			};
			buildConfigurationList = 83576E6C20FBEE07006B4451 /* Build configuration list for PBXProject "bucketList4" */;
			compatibilityVersion = "Xcode 9.3";
			developmentRegion = en;
			hasScannedForEncodings = 0;
			knownRegions = (
				en,
				Base,
			);
			mainGroup = 83576E6820FBEE07006B4451;
			productRefGroup = 83576E7220FBEE07006B4451 /* Products */;
			projectDirPath = "";
			projectRoot = "";
			targets = (
				83576E7020FBEE07006B4451 /* bucketList4 */,
			);
		};
/* End PBXProject section */

/* Begin PBXResourcesBuildPhase section */
		83576E6F20FBEE07006B4451 /* Resources */ = {
			isa = PBXResourcesBuildPhase;
			buildActionMask = 2147483647;
			files = (
				83576E8220FBEE0A006B4451 /* LaunchScreen.storyboard in Resources */,
				83576E7F20FBEE0A006B4451 /* Assets.xcassets in Resources */,
				83576E7A20FBEE07006B4451 /* Main.storyboard in Resources */,
			);
			runOnlyForDeploymentPostprocessing = 0;
		};
/* End PBXResourcesBuildPhase section */

/* Begin PBXSourcesBuildPhase section */
		83576E6D20FBEE07006B4451 /* Sources */ = {
			isa = PBXSourcesBuildPhase;
			buildActionMask = 2147483647;
			files = (
				83062CCE20FC18C2009C7BAA /* ShowVC.swift in Sources */,
				83576E7720FBEE07006B4451 /* ViewController.swift in Sources */,
				83576E7520FBEE07006B4451 /* AppDelegate.swift in Sources */,
				83062CC820FBF1D6009C7BAA /* ACellVC.swift in Sources */,
				83576E7D20FBEE07006B4451 /* bucketList4.xcdatamodeld in Sources */,
				83062CCC20FBF57B009C7BAA /* EditVC.swift in Sources */,
				83062CCA20FBF553009C7BAA /* AddVC.swift in Sources */,
			);
			runOnlyForDeploymentPostprocessing = 0;
		};
/* End PBXSourcesBuildPhase section */

/* Begin PBXVariantGroup section */
		83576E7820FBEE07006B4451 /* Main.storyboard */ = {
			isa = PBXVariantGroup;
			children = (
				83576E7920FBEE07006B4451 /* Base */,
			);
			name = Main.storyboard;
			sourceTree = "<group>";
		};
		83576E8020FBEE0A006B4451 /* LaunchScreen.storyboard */ = {
			isa = PBXVariantGroup;
			children = (
				83576E8120FBEE0A006B4451 /* Base */,
			);
			name = LaunchScreen.storyboard;
			sourceTree = "<group>";
		};
/* End PBXVariantGroup section */

/* Begin XCBuildConfiguration section */
		83576E8420FBEE0A006B4451 /* Debug */ = {
			isa = XCBuildConfiguration;
			buildSettings = {
				ALWAYS_SEARCH_USER_PATHS = NO;
				CLANG_ANALYZER_NONNULL = YES;
				CLANG_ANALYZER_NUMBER_OBJECT_CONVERSION = YES_AGGRESSIVE;
				CLANG_CXX_LANGUAGE_STANDARD = "gnu++14";
				CLANG_CXX_LIBRARY = "libc++";
				CLANG_ENABLE_MODULES = YES;
				CLANG_ENABLE_OBJC_ARC = YES;
				CLANG_ENABLE_OBJC_WEAK = YES;
				CLANG_WARN_BLOCK_CAPTURE_AUTORELEASING = YES;
				CLANG_WARN_BOOL_CONVERSION = YES;
				CLANG_WARN_COMMA = YES;
				CLANG_WARN_CONSTANT_CONVERSION = YES;
				CLANG_WARN_DEPRECATED_OBJC_IMPLEMENTATIONS = YES;
				CLANG_WARN_DIRECT_OBJC_ISA_USAGE = YES_ERROR;
				CLANG_WARN_DOCUMENTATION_COMMENTS = YES;
				CLANG_WARN_EMPTY_BODY = YES;
				CLANG_WARN_ENUM_CONVERSION = YES;
				CLANG_WARN_INFINITE_RECURSION = YES;
				CLANG_WARN_INT_CONVERSION = YES;
				CLANG_WARN_NON_LITERAL_NULL_CONVERSION = YES;
				CLANG_WARN_OBJC_IMPLICIT_RETAIN_SELF = YES;
				CLANG_WARN_OBJC_LITERAL_CONVERSION = YES;
				CLANG_WARN_OBJC_ROOT_CLASS = YES_ERROR;
				CLANG_WARN_RANGE_LOOP_ANALYSIS = YES;
				CLANG_WARN_STRICT_PROTOTYPES = YES;
				CLANG_WARN_SUSPICIOUS_MOVE = YES;
				CLANG_WARN_UNGUARDED_AVAILABILITY = YES_AGGRESSIVE;
				CLANG_WARN_UNREACHABLE_CODE = YES;
				CLANG_WARN__DUPLICATE_METHOD_MATCH = YES;
				CODE_SIGN_IDENTITY = "iPhone Developer";
				COPY_PHASE_STRIP = NO;
				DEBUG_INFORMATION_FORMAT = dwarf;
				ENABLE_STRICT_OBJC_MSGSEND = YES;
				ENABLE_TESTABILITY = YES;
				GCC_C_LANGUAGE_STANDARD = gnu11;
				GCC_DYNAMIC_NO_PIC = NO;
				GCC_NO_COMMON_BLOCKS = YES;
				GCC_OPTIMIZATION_LEVEL = 0;
				GCC_PREPROCESSOR_DEFINITIONS = (
					"DEBUG=1",
					"$(inherited)",
				);
				GCC_WARN_64_TO_32_BIT_CONVERSION = YES;
				GCC_WARN_ABOUT_RETURN_TYPE = YES_ERROR;
				GCC_WARN_UNDECLARED_SELECTOR = YES;
				GCC_WARN_UNINITIALIZED_AUTOS = YES_AGGRESSIVE;
				GCC_WARN_UNUSED_FUNCTION = YES;
				GCC_WARN_UNUSED_VARIABLE = YES;
				IPHONEOS_DEPLOYMENT_TARGET = 11.4;
				MTL_ENABLE_DEBUG_INFO = YES;
				ONLY_ACTIVE_ARCH = YES;
				SDKROOT = iphoneos;
				SWIFT_ACTIVE_COMPILATION_CONDITIONS = DEBUG;
				SWIFT_OPTIMIZATION_LEVEL = "-Onone";
			};
			name = Debug;
		};
		83576E8520FBEE0A006B4451 /* Release */ = {
			isa = XCBuildConfiguration;
			buildSettings = {
				ALWAYS_SEARCH_USER_PATHS = NO;
				CLANG_ANALYZER_NONNULL = YES;
				CLANG_ANALYZER_NUMBER_OBJECT_CONVERSION = YES_AGGRESSIVE;
				CLANG_CXX_LANGUAGE_STANDARD = "gnu++14";
				CLANG_CXX_LIBRARY = "libc++";
				CLANG_ENABLE_MODULES = YES;
				CLANG_ENABLE_OBJC_ARC = YES;
				CLANG_ENABLE_OBJC_WEAK = YES;
				CLANG_WARN_BLOCK_CAPTURE_AUTORELEASING = YES;
				CLANG_WARN_BOOL_CONVERSION = YES;
				CLANG_WARN_COMMA = YES;
				CLANG_WARN_CONSTANT_CONVERSION = YES;
				CLANG_WARN_DEPRECATED_OBJC_IMPLEMENTATIONS = YES;
				CLANG_WARN_DIRECT_OBJC_ISA_USAGE = YES_ERROR;
				CLANG_WARN_DOCUMENTATION_COMMENTS = YES;
				CLANG_WARN_EMPTY_BODY = YES;
				CLANG_WARN_ENUM_CONVERSION = YES;
				CLANG_WARN_INFINITE_RECURSION = YES;
				CLANG_WARN_INT_CONVERSION = YES;
				CLANG_WARN_NON_LITERAL_NULL_CONVERSION = YES;
				CLANG_WARN_OBJC_IMPLICIT_RETAIN_SELF = YES;
				CLANG_WARN_OBJC_LITERAL_CONVERSION = YES;
				CLANG_WARN_OBJC_ROOT_CLASS = YES_ERROR;
				CLANG_WARN_RANGE_LOOP_ANALYSIS = YES;
				CLANG_WARN_STRICT_PROTOTYPES = YES;
				CLANG_WARN_SUSPICIOUS_MOVE = YES;
				CLANG_WARN_UNGUARDED_AVAILABILITY = YES_AGGRESSIVE;
				CLANG_WARN_UNREACHABLE_CODE = YES;
				CLANG_WARN__DUPLICATE_METHOD_MATCH = YES;
				CODE_SIGN_IDENTITY = "iPhone Developer";
				COPY_PHASE_STRIP = NO;
				DEBUG_INFORMATION_FORMAT = "dwarf-with-dsym";
				ENABLE_NS_ASSERTIONS = NO;
				ENABLE_STRICT_OBJC_MSGSEND = YES;
				GCC_C_LANGUAGE_STANDARD = gnu11;
				GCC_NO_COMMON_BLOCKS = YES;
				GCC_WARN_64_TO_32_BIT_CONVERSION = YES;
				GCC_WARN_ABOUT_RETURN_TYPE = YES_ERROR;
				GCC_WARN_UNDECLARED_SELECTOR = YES;
				GCC_WARN_UNINITIALIZED_AUTOS = YES_AGGRESSIVE;
				GCC_WARN_UNUSED_FUNCTION = YES;
				GCC_WARN_UNUSED_VARIABLE = YES;
				IPHONEOS_DEPLOYMENT_TARGET = 11.4;
				MTL_ENABLE_DEBUG_INFO = NO;
				SDKROOT = iphoneos;
				SWIFT_COMPILATION_MODE = wholemodule;
				SWIFT_OPTIMIZATION_LEVEL = "-O";
				VALIDATE_PRODUCT = YES;
			};
			name = Release;
		};
		83576E8720FBEE0A006B4451 /* Debug */ = {
			isa = XCBuildConfiguration;
			buildSettings = {
				ASSETCATALOG_COMPILER_APPICON_NAME = AppIcon;
				CODE_SIGN_STYLE = Automatic;
				DEVELOPMENT_TEAM = B5D4ZVQW9T;
				INFOPLIST_FILE = bucketList4/Info.plist;
				LD_RUNPATH_SEARCH_PATHS = (
					"$(inherited)",
					"@executable_path/Frameworks",
				);
				PRODUCT_BUNDLE_IDENTIFIER = chungdev.bucketList4;
				PRODUCT_NAME = "$(TARGET_NAME)";
				SWIFT_VERSION = 4.0;
				TARGETED_DEVICE_FAMILY = "1,2";
			};
			name = Debug;
		};
		83576E8820FBEE0A006B4451 /* Release */ = {
			isa = XCBuildConfiguration;
			buildSettings = {
				ASSETCATALOG_COMPILER_APPICON_NAME = AppIcon;
				CODE_SIGN_STYLE = Automatic;
				DEVELOPMENT_TEAM = B5D4ZVQW9T;
				INFOPLIST_FILE = bucketList4/Info.plist;
				LD_RUNPATH_SEARCH_PATHS = (
					"$(inherited)",
					"@executable_path/Frameworks",
				);
				PRODUCT_BUNDLE_IDENTIFIER = chungdev.bucketList4;
				PRODUCT_NAME = "$(TARGET_NAME)";
				SWIFT_VERSION = 4.0;
				TARGETED_DEVICE_FAMILY = "1,2";
			};
			name = Release;
		};
/* End XCBuildConfiguration section */

/* Begin XCConfigurationList section */
		83576E6C20FBEE07006B4451 /* Build configuration list for PBXProject "bucketList4" */ = {
			isa = XCConfigurationList;
			buildConfigurations = (
				83576E8420FBEE0A006B4451 /* Debug */,
				83576E8520FBEE0A006B4451 /* Release */,
			);
			defaultConfigurationIsVisible = 0;
			defaultConfigurationName = Release;
		};
		83576E8620FBEE0A006B4451 /* Build configuration list for PBXNativeTarget "bucketList4" */ = {
			isa = XCConfigurationList;
			buildConfigurations = (
				83576E8720FBEE0A006B4451 /* Debug */,
				83576E8820FBEE0A006B4451 /* Release */,
			);
			defaultConfigurationIsVisible = 0;
			defaultConfigurationName = Release;
		};
/* End XCConfigurationList section */

/* Begin XCVersionGroup section */
		83576E7B20FBEE07006B4451 /* bucketList4.xcdatamodeld */ = {
			isa = XCVersionGroup;
			children = (
				83576E7C20FBEE07006B4451 /* bucketList4.xcdatamodel */,
			);
			currentVersion = 83576E7C20FBEE07006B4451 /* bucketList4.xcdatamodel */;
			path = bucketList4.xcdatamodeld;
			sourceTree = "<group>";
			versionGroupType = wrapper.xcdatamodel;
		};
/* End XCVersionGroup section */
	};
	rootObject = 83576E6920FBEE07006B4451 /* Project object */;
}
